// !$*UTF8*$!
{
	archiveVersion = 1;
	classes = {
	};
	objectVersion = 48;
	objects = {

/* Begin PBXBuildFile section */
		BE2BCB7D20B759E1001F7A06 /* AppDelegate.swift in Sources */ = {isa = PBXBuildFile; fileRef = BE2BCB7C20B759E1001F7A06 /* AppDelegate.swift */; };
		BE2BCB7F20B759E1001F7A06 /* ViewController.swift in Sources */ = {isa = PBXBuildFile; fileRef = BE2BCB7E20B759E1001F7A06 /* ViewController.swift */; };
		BE2BCB8220B759E1001F7A06 /* Main.storyboard in Resources */ = {isa = PBXBuildFile; fileRef = BE2BCB8020B759E1001F7A06 /* Main.storyboard */; };
		BE2BCB8420B759E1001F7A06 /* Assets.xcassets in Resources */ = {isa = PBXBuildFile; fileRef = BE2BCB8320B759E1001F7A06 /* Assets.xcassets */; };
		BE2BCB8720B759E1001F7A06 /* LaunchScreen.storyboard in Resources */ = {isa = PBXBuildFile; fileRef = BE2BCB8520B759E1001F7A06 /* LaunchScreen.storyboard */; };
		BE2BCB9220B759E1001F7A06 /* DropInTests.swift in Sources */ = {isa = PBXBuildFile; fileRef = BE2BCB9120B759E1001F7A06 /* DropInTests.swift */; };
		BE2BCB9D20B759E1001F7A06 /* DropInUITests.swift in Sources */ = {isa = PBXBuildFile; fileRef = BE2BCB9C20B759E1001F7A06 /* DropInUITests.swift */; };
/* End PBXBuildFile section */

/* Begin PBXContainerItemProxy section */
		BE2BCB8E20B759E1001F7A06 /* PBXContainerItemProxy */ = {
			isa = PBXContainerItemProxy;
			containerPortal = BE2BCB7120B759E1001F7A06 /* Project object */;
			proxyType = 1;
			remoteGlobalIDString = BE2BCB7820B759E1001F7A06;
			remoteInfo = DropIn;
		};
		BE2BCB9920B759E1001F7A06 /* PBXContainerItemProxy */ = {
			isa = PBXContainerItemProxy;
			containerPortal = BE2BCB7120B759E1001F7A06 /* Project object */;
			proxyType = 1;
			remoteGlobalIDString = BE2BCB7820B759E1001F7A06;
			remoteInfo = DropIn;
		};
/* End PBXContainerItemProxy section */

/* Begin PBXFileReference section */
		BE2BCB7920B759E1001F7A06 /* DropIn.app */ = {isa = PBXFileReference; explicitFileType = wrapper.application; includeInIndex = 0; path = DropIn.app; sourceTree = BUILT_PRODUCTS_DIR; };
		BE2BCB7C20B759E1001F7A06 /* AppDelegate.swift */ = {isa = PBXFileReference; lastKnownFileType = sourcecode.swift; path = AppDelegate.swift; sourceTree = "<group>"; };
		BE2BCB7E20B759E1001F7A06 /* ViewController.swift */ = {isa = PBXFileReference; lastKnownFileType = sourcecode.swift; path = ViewController.swift; sourceTree = "<group>"; };
		BE2BCB8120B759E1001F7A06 /* Base */ = {isa = PBXFileReference; lastKnownFileType = file.storyboard; name = Base; path = Base.lproj/Main.storyboard; sourceTree = "<group>"; };
		BE2BCB8320B759E1001F7A06 /* Assets.xcassets */ = {isa = PBXFileReference; lastKnownFileType = folder.assetcatalog; path = Assets.xcassets; sourceTree = "<group>"; };
		BE2BCB8620B759E1001F7A06 /* Base */ = {isa = PBXFileReference; lastKnownFileType = file.storyboard; name = Base; path = Base.lproj/LaunchScreen.storyboard; sourceTree = "<group>"; };
		BE2BCB8820B759E1001F7A06 /* Info.plist */ = {isa = PBXFileReference; lastKnownFileType = text.plist.xml; path = Info.plist; sourceTree = "<group>"; };
		BE2BCB8D20B759E1001F7A06 /* DropInTests.xctest */ = {isa = PBXFileReference; explicitFileType = wrapper.cfbundle; includeInIndex = 0; path = DropInTests.xctest; sourceTree = BUILT_PRODUCTS_DIR; };
		BE2BCB9120B759E1001F7A06 /* DropInTests.swift */ = {isa = PBXFileReference; lastKnownFileType = sourcecode.swift; path = DropInTests.swift; sourceTree = "<group>"; };
		BE2BCB9320B759E1001F7A06 /* Info.plist */ = {isa = PBXFileReference; lastKnownFileType = text.plist.xml; path = Info.plist; sourceTree = "<group>"; };
		BE2BCB9820B759E1001F7A06 /* DropInUITests.xctest */ = {isa = PBXFileReference; explicitFileType = wrapper.cfbundle; includeInIndex = 0; path = DropInUITests.xctest; sourceTree = BUILT_PRODUCTS_DIR; };
		BE2BCB9C20B759E1001F7A06 /* DropInUITests.swift */ = {isa = PBXFileReference; lastKnownFileType = sourcecode.swift; path = DropInUITests.swift; sourceTree = "<group>"; };
		BE2BCB9E20B759E1001F7A06 /* Info.plist */ = {isa = PBXFileReference; lastKnownFileType = text.plist.xml; path = Info.plist; sourceTree = "<group>"; };
/* End PBXFileReference section */

/* Begin PBXFrameworksBuildPhase section */
		BE2BCB7620B759E1001F7A06 /* Frameworks */ = {
			isa = PBXFrameworksBuildPhase;
			buildActionMask = 2147483647;
			files = (
			);
			runOnlyForDeploymentPostprocessing = 0;
		};
		BE2BCB8A20B759E1001F7A06 /* Frameworks */ = {
			isa = PBXFrameworksBuildPhase;
			buildActionMask = 2147483647;
			files = (
			);
			runOnlyForDeploymentPostprocessing = 0;
		};
		BE2BCB9520B759E1001F7A06 /* Frameworks */ = {
			isa = PBXFrameworksBuildPhase;
			buildActionMask = 2147483647;
			files = (
			);
			runOnlyForDeploymentPostprocessing = 0;
		};
/* End PBXFrameworksBuildPhase section */

/* Begin PBXGroup section */
		BE2BCB7020B759E1001F7A06 = {
			isa = PBXGroup;
			children = (
				BE2BCB7B20B759E1001F7A06 /* DropIn */,
				BE2BCB9020B759E1001F7A06 /* DropInTests */,
				BE2BCB9B20B759E1001F7A06 /* DropInUITests */,
				BE2BCB7A20B759E1001F7A06 /* Products */,
			);
			sourceTree = "<group>";
		};
		BE2BCB7A20B759E1001F7A06 /* Products */ = {
			isa = PBXGroup;
			children = (
				BE2BCB7920B759E1001F7A06 /* DropIn.app */,
				BE2BCB8D20B759E1001F7A06 /* DropInTests.xctest */,
				BE2BCB9820B759E1001F7A06 /* DropInUITests.xctest */,
			);
			name = Products;
			sourceTree = "<group>";
		};
		BE2BCB7B20B759E1001F7A06 /* DropIn */ = {
			isa = PBXGroup;
			children = (
				BE2BCB7C20B759E1001F7A06 /* AppDelegate.swift */,
				BE2BCB7E20B759E1001F7A06 /* ViewController.swift */,
				BE2BCB8020B759E1001F7A06 /* Main.storyboard */,
				BE2BCB8320B759E1001F7A06 /* Assets.xcassets */,
				BE2BCB8520B759E1001F7A06 /* LaunchScreen.storyboard */,
				BE2BCB8820B759E1001F7A06 /* Info.plist */,
			);
			path = DropIn;
			sourceTree = "<group>";
		};
		BE2BCB9020B759E1001F7A06 /* DropInTests */ = {
			isa = PBXGroup;
			children = (
				BE2BCB9120B759E1001F7A06 /* DropInTests.swift */,
				BE2BCB9320B759E1001F7A06 /* Info.plist */,
			);
			path = DropInTests;
			sourceTree = "<group>";
		};
		BE2BCB9B20B759E1001F7A06 /* DropInUITests */ = {
			isa = PBXGroup;
			children = (
				BE2BCB9C20B759E1001F7A06 /* DropInUITests.swift */,
				BE2BCB9E20B759E1001F7A06 /* Info.plist */,
			);
			path = DropInUITests;
			sourceTree = "<group>";
		};
/* End PBXGroup section */

/* Begin PBXNativeTarget section */
		BE2BCB7820B759E1001F7A06 /* DropIn */ = {
			isa = PBXNativeTarget;
			buildConfigurationList = BE2BCBA120B759E1001F7A06 /* Build configuration list for PBXNativeTarget "DropIn" */;
			buildPhases = (
				BE2BCB7520B759E1001F7A06 /* Sources */,
				BE2BCB7620B759E1001F7A06 /* Frameworks */,
				BE2BCB7720B759E1001F7A06 /* Resources */,
			);
			buildRules = (
			);
			dependencies = (
			);
			name = DropIn;
			productName = DropIn;
			productReference = BE2BCB7920B759E1001F7A06 /* DropIn.app */;
			productType = "com.apple.product-type.application";
		};
		BE2BCB8C20B759E1001F7A06 /* DropInTests */ = {
			isa = PBXNativeTarget;
			buildConfigurationList = BE2BCBA420B759E1001F7A06 /* Build configuration list for PBXNativeTarget "DropInTests" */;
			buildPhases = (
				BE2BCB8920B759E1001F7A06 /* Sources */,
				BE2BCB8A20B759E1001F7A06 /* Frameworks */,
				BE2BCB8B20B759E1001F7A06 /* Resources */,
			);
			buildRules = (
			);
			dependencies = (
				BE2BCB8F20B759E1001F7A06 /* PBXTargetDependency */,
			);
			name = DropInTests;
			productName = DropInTests;
			productReference = BE2BCB8D20B759E1001F7A06 /* DropInTests.xctest */;
			productType = "com.apple.product-type.bundle.unit-test";
		};
		BE2BCB9720B759E1001F7A06 /* DropInUITests */ = {
			isa = PBXNativeTarget;
			buildConfigurationList = BE2BCBA720B759E1001F7A06 /* Build configuration list for PBXNativeTarget "DropInUITests" */;
			buildPhases = (
				BE2BCB9420B759E1001F7A06 /* Sources */,
				BE2BCB9520B759E1001F7A06 /* Frameworks */,
				BE2BCB9620B759E1001F7A06 /* Resources */,
			);
			buildRules = (
			);
			dependencies = (
				BE2BCB9A20B759E1001F7A06 /* PBXTargetDependency */,
			);
			name = DropInUITests;
			productName = DropInUITests;
			productReference = BE2BCB9820B759E1001F7A06 /* DropInUITests.xctest */;
			productType = "com.apple.product-type.bundle.ui-testing";
		};
/* End PBXNativeTarget section */

/* Begin PBXProject section */
		BE2BCB7120B759E1001F7A06 /* Project object */ = {
			isa = PBXProject;
			attributes = {
				LastSwiftUpdateCheck = 0920;
				LastUpgradeCheck = 0920;
				ORGANIZATIONNAME = "Desmarais, Jacque";
				TargetAttributes = {
					BE2BCB7820B759E1001F7A06 = {
						CreatedOnToolsVersion = 9.2;
						ProvisioningStyle = Automatic;
					};
					BE2BCB8C20B759E1001F7A06 = {
						CreatedOnToolsVersion = 9.2;
						ProvisioningStyle = Automatic;
						TestTargetID = BE2BCB7820B759E1001F7A06;
					};
					BE2BCB9720B759E1001F7A06 = {
						CreatedOnToolsVersion = 9.2;
						ProvisioningStyle = Automatic;
						TestTargetID = BE2BCB7820B759E1001F7A06;
					};
				};
			};
			buildConfigurationList = BE2BCB7420B759E1001F7A06 /* Build configuration list for PBXProject "DropIn" */;
			compatibilityVersion = "Xcode 8.0";
			developmentRegion = en;
			hasScannedForEncodings = 0;
			knownRegions = (
				en,
				Base,
			);
			mainGroup = BE2BCB7020B759E1001F7A06;
			productRefGroup = BE2BCB7A20B759E1001F7A06 /* Products */;
			projectDirPath = "";
			projectRoot = "";
			targets = (
				BE2BCB7820B759E1001F7A06 /* DropIn */,
				BE2BCB8C20B759E1001F7A06 /* DropInTests */,
				BE2BCB9720B759E1001F7A06 /* DropInUITests */,
			);
		};
/* End PBXProject section */

/* Begin PBXResourcesBuildPhase section */
		BE2BCB7720B759E1001F7A06 /* Resources */ = {
			isa = PBXResourcesBuildPhase;
			buildActionMask = 2147483647;
			files = (
				BE2BCB8720B759E1001F7A06 /* LaunchScreen.storyboard in Resources */,
				BE2BCB8420B759E1001F7A06 /* Assets.xcassets in Resources */,
				BE2BCB8220B759E1001F7A06 /* Main.storyboard in Resources */,
			);
			runOnlyForDeploymentPostprocessing = 0;
		};
		BE2BCB8B20B759E1001F7A06 /* Resources */ = {
			isa = PBXResourcesBuildPhase;
			buildActionMask = 2147483647;
			files = (
			);
			runOnlyForDeploymentPostprocessing = 0;
		};
		BE2BCB9620B759E1001F7A06 /* Resources */ = {
			isa = PBXResourcesBuildPhase;
			buildActionMask = 2147483647;
			files = (
			);
			runOnlyForDeploymentPostprocessing = 0;
		};
/* End PBXResourcesBuildPhase section */

/* Begin PBXSourcesBuildPhase section */
		BE2BCB7520B759E1001F7A06 /* Sources */ = {
			isa = PBXSourcesBuildPhase;
			buildActionMask = 2147483647;
			files = (
				BE2BCB7F20B759E1001F7A06 /* ViewController.swift in Sources */,
				BE2BCB7D20B759E1001F7A06 /* AppDelegate.swift in Sources */,
			);
			runOnlyForDeploymentPostprocessing = 0;
		};
		BE2BCB8920B759E1001F7A06 /* Sources */ = {
			isa = PBXSourcesBuildPhase;
			buildActionMask = 2147483647;
			files = (
				BE2BCB9220B759E1001F7A06 /* DropInTests.swift in Sources */,
			);
			runOnlyForDeploymentPostprocessing = 0;
		};
		BE2BCB9420B759E1001F7A06 /* Sources */ = {
			isa = PBXSourcesBuildPhase;
			buildActionMask = 2147483647;
			files = (
				BE2BCB9D20B759E1001F7A06 /* DropInUITests.swift in Sources */,
			);
			runOnlyForDeploymentPostprocessing = 0;
		};
/* End PBXSourcesBuildPhase section */

/* Begin PBXTargetDependency section */
		BE2BCB8F20B759E1001F7A06 /* PBXTargetDependency */ = {
			isa = PBXTargetDependency;
			target = BE2BCB7820B759E1001F7A06 /* DropIn */;
			targetProxy = BE2BCB8E20B759E1001F7A06 /* PBXContainerItemProxy */;
		};
		BE2BCB9A20B759E1001F7A06 /* PBXTargetDependency */ = {
			isa = PBXTargetDependency;
			target = BE2BCB7820B759E1001F7A06 /* DropIn */;
			targetProxy = BE2BCB9920B759E1001F7A06 /* PBXContainerItemProxy */;
		};
/* End PBXTargetDependency section */

/* Begin PBXVariantGroup section */
		BE2BCB8020B759E1001F7A06 /* Main.storyboard */ = {
			isa = PBXVariantGroup;
			children = (
				BE2BCB8120B759E1001F7A06 /* Base */,
			);
			name = Main.storyboard;
			sourceTree = "<group>";
		};
		BE2BCB8520B759E1001F7A06 /* LaunchScreen.storyboard */ = {
			isa = PBXVariantGroup;
			children = (
				BE2BCB8620B759E1001F7A06 /* Base */,
			);
			name = LaunchScreen.storyboard;
			sourceTree = "<group>";
		};
/* End PBXVariantGroup section */

/* Begin XCBuildConfiguration section */
		BE2BCB9F20B759E1001F7A06 /* Debug */ = {
			isa = XCBuildConfiguration;
			buildSettings = {
				ALWAYS_SEARCH_USER_PATHS = NO;
				CLANG_ANALYZER_NONNULL = YES;
				CLANG_ANALYZER_NUMBER_OBJECT_CONVERSION = YES_AGGRESSIVE;
				CLANG_CXX_LANGUAGE_STANDARD = "gnu++14";
				CLANG_CXX_LIBRARY = "libc++";
				CLANG_ENABLE_MODULES = YES;
				CLANG_ENABLE_OBJC_ARC = YES;
				CLANG_WARN_BLOCK_CAPTURE_AUTORELEASING = YES;
				CLANG_WARN_BOOL_CONVERSION = YES;
				CLANG_WARN_COMMA = YES;
				CLANG_WARN_CONSTANT_CONVERSION = YES;
				CLANG_WARN_DIRECT_OBJC_ISA_USAGE = YES_ERROR;
				CLANG_WARN_DOCUMENTATION_COMMENTS = YES;
				CLANG_WARN_EMPTY_BODY = YES;
				CLANG_WARN_ENUM_CONVERSION = YES;
				CLANG_WARN_INFINITE_RECURSION = YES;
				CLANG_WARN_INT_CONVERSION = YES;
				CLANG_WARN_NON_LITERAL_NULL_CONVERSION = YES;
				CLANG_WARN_OBJC_LITERAL_CONVERSION = YES;
				CLANG_WARN_OBJC_ROOT_CLASS = YES_ERROR;
				CLANG_WARN_RANGE_LOOP_ANALYSIS = YES;
				CLANG_WARN_STRICT_PROTOTYPES = YES;
				CLANG_WARN_SUSPICIOUS_MOVE = YES;
				CLANG_WARN_UNGUARDED_AVAILABILITY = YES_AGGRESSIVE;
				CLANG_WARN_UNREACHABLE_CODE = YES;
				CLANG_WARN__DUPLICATE_METHOD_MATCH = YES;
				CODE_SIGN_IDENTITY = "iPhone Developer";
				COPY_PHASE_STRIP = NO;
				DEBUG_INFORMATION_FORMAT = dwarf;
				ENABLE_STRICT_OBJC_MSGSEND = YES;
				ENABLE_TESTABILITY = YES;
				GCC_C_LANGUAGE_STANDARD = gnu11;
				GCC_DYNAMIC_NO_PIC = NO;
				GCC_NO_COMMON_BLOCKS = YES;
				GCC_OPTIMIZATION_LEVEL = 0;
				GCC_PREPROCESSOR_DEFINITIONS = (
					"DEBUG=1",
					"$(inherited)",
				);
				GCC_WARN_64_TO_32_BIT_CONVERSION = YES;
				GCC_WARN_ABOUT_RETURN_TYPE = YES_ERROR;
				GCC_WARN_UNDECLARED_SELECTOR = YES;
				GCC_WARN_UNINITIALIZED_AUTOS = YES_AGGRESSIVE;
				GCC_WARN_UNUSED_FUNCTION = YES;
				GCC_WARN_UNUSED_VARIABLE = YES;
				IPHONEOS_DEPLOYMENT_TARGET = 11.2;
				MTL_ENABLE_DEBUG_INFO = YES;
				ONLY_ACTIVE_ARCH = YES;
				SDKROOT = iphoneos;
				SWIFT_ACTIVE_COMPILATION_CONDITIONS = DEBUG;
				SWIFT_OPTIMIZATION_LEVEL = "-Onone";
			};
			name = Debug;
		};
		BE2BCBA020B759E1001F7A06 /* Release */ = {
			isa = XCBuildConfiguration;
			buildSettings = {
				ALWAYS_SEARCH_USER_PATHS = NO;
				CLANG_ANALYZER_NONNULL = YES;
				CLANG_ANALYZER_NUMBER_OBJECT_CONVERSION = YES_AGGRESSIVE;
				CLANG_CXX_LANGUAGE_STANDARD = "gnu++14";
				CLANG_CXX_LIBRARY = "libc++";
				CLANG_ENABLE_MODULES = YES;
				CLANG_ENABLE_OBJC_ARC = YES;
				CLANG_WARN_BLOCK_CAPTURE_AUTORELEASING = YES;
				CLANG_WARN_BOOL_CONVERSION = YES;
				CLANG_WARN_COMMA = YES;
				CLANG_WARN_CONSTANT_CONVERSION = YES;
				CLANG_WARN_DIRECT_OBJC_ISA_USAGE = YES_ERROR;
				CLANG_WARN_DOCUMENTATION_COMMENTS = YES;
				CLANG_WARN_EMPTY_BODY = YES;
				CLANG_WARN_ENUM_CONVERSION = YES;
				CLANG_WARN_INFINITE_RECURSION = YES;
				CLANG_WARN_INT_CONVERSION = YES;
				CLANG_WARN_NON_LITERAL_NULL_CONVERSION = YES;
				CLANG_WARN_OBJC_LITERAL_CONVERSION = YES;
				CLANG_WARN_OBJC_ROOT_CLASS = YES_ERROR;
				CLANG_WARN_RANGE_LOOP_ANALYSIS = YES;
				CLANG_WARN_STRICT_PROTOTYPES = YES;
				CLANG_WARN_SUSPICIOUS_MOVE = YES;
				CLANG_WARN_UNGUARDED_AVAILABILITY = YES_AGGRESSIVE;
				CLANG_WARN_UNREACHABLE_CODE = YES;
				CLANG_WARN__DUPLICATE_METHOD_MATCH = YES;
				CODE_SIGN_IDENTITY = "iPhone Developer";
				COPY_PHASE_STRIP = NO;
				DEBUG_INFORMATION_FORMAT = "dwarf-with-dsym";
				ENABLE_NS_ASSERTIONS = NO;
				ENABLE_STRICT_OBJC_MSGSEND = YES;
				GCC_C_LANGUAGE_STANDARD = gnu11;
				GCC_NO_COMMON_BLOCKS = YES;
				GCC_WARN_64_TO_32_BIT_CONVERSION = YES;
				GCC_WARN_ABOUT_RETURN_TYPE = YES_ERROR;
				GCC_WARN_UNDECLARED_SELECTOR = YES;
				GCC_WARN_UNINITIALIZED_AUTOS = YES_AGGRESSIVE;
				GCC_WARN_UNUSED_FUNCTION = YES;
				GCC_WARN_UNUSED_VARIABLE = YES;
				IPHONEOS_DEPLOYMENT_TARGET = 11.2;
				MTL_ENABLE_DEBUG_INFO = NO;
				SDKROOT = iphoneos;
				SWIFT_OPTIMIZATION_LEVEL = "-Owholemodule";
				VALIDATE_PRODUCT = YES;
			};
			name = Release;
		};
		BE2BCBA220B759E1001F7A06 /* Debug */ = {
			isa = XCBuildConfiguration;
			buildSettings = {
				ASSETCATALOG_COMPILER_APPICON_NAME = AppIcon;
				CODE_SIGN_STYLE = Automatic;
				INFOPLIST_FILE = DropIn/Info.plist;
				LD_RUNPATH_SEARCH_PATHS = "$(inherited) @executable_path/Frameworks";
				PRODUCT_BUNDLE_IDENTIFIER = Braintree.DropIn;
				PRODUCT_NAME = "$(TARGET_NAME)";
				SWIFT_VERSION = 4.0;
				TARGETED_DEVICE_FAMILY = "1,2";
			};
			name = Debug;
		};
		BE2BCBA320B759E1001F7A06 /* Release */ = {
			isa = XCBuildConfiguration;
			buildSettings = {
				ASSETCATALOG_COMPILER_APPICON_NAME = AppIcon;
				CODE_SIGN_STYLE = Automatic;
				INFOPLIST_FILE = DropIn/Info.plist;
				LD_RUNPATH_SEARCH_PATHS = "$(inherited) @executable_path/Frameworks";
				PRODUCT_BUNDLE_IDENTIFIER = Braintree.DropIn;
				PRODUCT_NAME = "$(TARGET_NAME)";
				SWIFT_VERSION = 4.0;
				TARGETED_DEVICE_FAMILY = "1,2";
			};
			name = Release;
		};
		BE2BCBA520B759E1001F7A06 /* Debug */ = {
			isa = XCBuildConfiguration;
			buildSettings = {
				ALWAYS_EMBED_SWIFT_STANDARD_LIBRARIES = YES;
				BUNDLE_LOADER = "$(TEST_HOST)";
				CODE_SIGN_STYLE = Automatic;
				INFOPLIST_FILE = DropInTests/Info.plist;
				LD_RUNPATH_SEARCH_PATHS = "$(inherited) @executable_path/Frameworks @loader_path/Frameworks";
				PRODUCT_BUNDLE_IDENTIFIER = Braintree.DropInTests;
				PRODUCT_NAME = "$(TARGET_NAME)";
				SWIFT_VERSION = 4.0;
				TARGETED_DEVICE_FAMILY = "1,2";
				TEST_HOST = "$(BUILT_PRODUCTS_DIR)/DropIn.app/DropIn";
			};
			name = Debug;
		};
		BE2BCBA620B759E1001F7A06 /* Release */ = {
			isa = XCBuildConfiguration;
			buildSettings = {
				ALWAYS_EMBED_SWIFT_STANDARD_LIBRARIES = YES;
				BUNDLE_LOADER = "$(TEST_HOST)";
				CODE_SIGN_STYLE = Automatic;
				INFOPLIST_FILE = DropInTests/Info.plist;
				LD_RUNPATH_SEARCH_PATHS = "$(inherited) @executable_path/Frameworks @loader_path/Frameworks";
				PRODUCT_BUNDLE_IDENTIFIER = Braintree.DropInTests;
				PRODUCT_NAME = "$(TARGET_NAME)";
				SWIFT_VERSION = 4.0;
				TARGETED_DEVICE_FAMILY = "1,2";
				TEST_HOST = "$(BUILT_PRODUCTS_DIR)/DropIn.app/DropIn";
			};
			name = Release;
		};
		BE2BCBA820B759E1001F7A06 /* Debug */ = {
			isa = XCBuildConfiguration;
			buildSettings = {
				ALWAYS_EMBED_SWIFT_STANDARD_LIBRARIES = YES;
				CODE_SIGN_STYLE = Automatic;
				INFOPLIST_FILE = DropInUITests/Info.plist;
				LD_RUNPATH_SEARCH_PATHS = "$(inherited) @executable_path/Frameworks @loader_path/Frameworks";
				PRODUCT_BUNDLE_IDENTIFIER = Braintree.DropInUITests;
				PRODUCT_NAME = "$(TARGET_NAME)";
				SWIFT_VERSION = 4.0;
				TARGETED_DEVICE_FAMILY = "1,2";
				TEST_TARGET_NAME = DropIn;
			};
			name = Debug;
		};
		BE2BCBA920B759E1001F7A06 /* Release */ = {
			isa = XCBuildConfiguration;
			buildSettings = {
				ALWAYS_EMBED_SWIFT_STANDARD_LIBRARIES = YES;
				CODE_SIGN_STYLE = Automatic;
				INFOPLIST_FILE = DropInUITests/Info.plist;
				LD_RUNPATH_SEARCH_PATHS = "$(inherited) @executable_path/Frameworks @loader_path/Frameworks";
				PRODUCT_BUNDLE_IDENTIFIER = Braintree.DropInUITests;
				PRODUCT_NAME = "$(TARGET_NAME)";
				SWIFT_VERSION = 4.0;
				TARGETED_DEVICE_FAMILY = "1,2";
				TEST_TARGET_NAME = DropIn;
			};
			name = Release;
		};
/* End XCBuildConfiguration section */

/* Begin XCConfigurationList section */
		BE2BCB7420B759E1001F7A06 /* Build configuration list for PBXProject "DropIn" */ = {
			isa = XCConfigurationList;
			buildConfigurations = (
				BE2BCB9F20B759E1001F7A06 /* Debug */,
				BE2BCBA020B759E1001F7A06 /* Release */,
			);
			defaultConfigurationIsVisible = 0;
			defaultConfigurationName = Release;
		};
		BE2BCBA120B759E1001F7A06 /* Build configuration list for PBXNativeTarget "DropIn" */ = {
			isa = XCConfigurationList;
			buildConfigurations = (
				BE2BCBA220B759E1001F7A06 /* Debug */,
				BE2BCBA320B759E1001F7A06 /* Release */,
			);
			defaultConfigurationIsVisible = 0;
			defaultConfigurationName = Release;
		};
		BE2BCBA420B759E1001F7A06 /* Build configuration list for PBXNativeTarget "DropInTests" */ = {
			isa = XCConfigurationList;
			buildConfigurations = (
				BE2BCBA520B759E1001F7A06 /* Debug */,
				BE2BCBA620B759E1001F7A06 /* Release */,
			);
			defaultConfigurationIsVisible = 0;
			defaultConfigurationName = Release;
		};
		BE2BCBA720B759E1001F7A06 /* Build configuration list for PBXNativeTarget "DropInUITests" */ = {
			isa = XCConfigurationList;
			buildConfigurations = (
				BE2BCBA820B759E1001F7A06 /* Debug */,
				BE2BCBA920B759E1001F7A06 /* Release */,
			);
			defaultConfigurationIsVisible = 0;
			defaultConfigurationName = Release;
		};
/* End XCConfigurationList section */
	};
	rootObject = BE2BCB7120B759E1001F7A06 /* Project object */;
}
