// !$*UTF8*$!
{
	archiveVersion = 1;
	classes = {
	};
	objectVersion = 48;
	objects = {

/* Begin PBXBuildFile section */
		0BA4637BAC756EBB8BFD35F3 /* Pods_DropInTests.framework in Frameworks */ = {isa = PBXBuildFile; fileRef = E2FD535FD1B6AB58956D8035 /* Pods_DropInTests.framework */; };
		82B2735765C92221B02807D7 /* Pods_DropInUITests.framework in Frameworks */ = {isa = PBXBuildFile; fileRef = 4E70832306F35F7D8C063ED5 /* Pods_DropInUITests.framework */; };
		BE20B7D22229E8A200DAF22B /* client_token.php in Resources */ = {isa = PBXBuildFile; fileRef = BE20B7D12229E8A200DAF22B /* client_token.php */; };
		BE2BCB7D20B759E1001F7A06 /* AppDelegate.swift in Sources */ = {isa = PBXBuildFile; fileRef = BE2BCB7C20B759E1001F7A06 /* AppDelegate.swift */; };
		BE2BCB7F20B759E1001F7A06 /* ViewController.swift in Sources */ = {isa = PBXBuildFile; fileRef = BE2BCB7E20B759E1001F7A06 /* ViewController.swift */; };
		BE2BCB8220B759E1001F7A06 /* Main.storyboard in Resources */ = {isa = PBXBuildFile; fileRef = BE2BCB8020B759E1001F7A06 /* Main.storyboard */; };
		BE2BCB8420B759E1001F7A06 /* Assets.xcassets in Resources */ = {isa = PBXBuildFile; fileRef = BE2BCB8320B759E1001F7A06 /* Assets.xcassets */; };
		BE2BCB8720B759E1001F7A06 /* LaunchScreen.storyboard in Resources */ = {isa = PBXBuildFile; fileRef = BE2BCB8520B759E1001F7A06 /* LaunchScreen.storyboard */; };
		BE2BCB9220B759E1001F7A06 /* DropInTests.swift in Sources */ = {isa = PBXBuildFile; fileRef = BE2BCB9120B759E1001F7A06 /* DropInTests.swift */; };
		BE2BCB9D20B759E1001F7A06 /* DropInUITests.swift in Sources */ = {isa = PBXBuildFile; fileRef = BE2BCB9C20B759E1001F7A06 /* DropInUITests.swift */; };
		BEC0DD1221FB784F005629B1 /* pay.php in Resources */ = {isa = PBXBuildFile; fileRef = BEC0DD1121FB784F005629B1 /* pay.php */; };
		BECD987A20B7643900B6C19B /* Braintree.framework in Frameworks */ = {isa = PBXBuildFile; fileRef = BECD987B20B7643900B6C19B /* Braintree.framework */; };
		BECD987C20B7645100B6C19B /* BraintreeDropIn.framework in Frameworks */ = {isa = PBXBuildFile; fileRef = BECD987D20B7645100B6C19B /* BraintreeDropIn.framework */; };
		C85A0D20506724511BD1704C /* Pods_DropIn.framework in Frameworks */ = {isa = PBXBuildFile; fileRef = 7BBF68EC4887BCD2F87013C3 /* Pods_DropIn.framework */; settings = {ATTRIBUTES = (Required, ); }; };
/* End PBXBuildFile section */

/* Begin PBXContainerItemProxy section */
		BE2BCB8E20B759E1001F7A06 /* PBXContainerItemProxy */ = {
			isa = PBXContainerItemProxy;
			containerPortal = BE2BCB7120B759E1001F7A06 /* Project object */;
			proxyType = 1;
			remoteGlobalIDString = BE2BCB7820B759E1001F7A06;
			remoteInfo = DropIn;
		};
		BE2BCB9920B759E1001F7A06 /* PBXContainerItemProxy */ = {
			isa = PBXContainerItemProxy;
			containerPortal = BE2BCB7120B759E1001F7A06 /* Project object */;
			proxyType = 1;
			remoteGlobalIDString = BE2BCB7820B759E1001F7A06;
			remoteInfo = DropIn;
		};
/* End PBXContainerItemProxy section */

/* Begin PBXFileReference section */
		0AF558A7F4EFAD896E47A627 /* Pods-DropInUITests.release.xcconfig */ = {isa = PBXFileReference; includeInIndex = 1; lastKnownFileType = text.xcconfig; name = "Pods-DropInUITests.release.xcconfig"; path = "Pods/Target Support Files/Pods-DropInUITests/Pods-DropInUITests.release.xcconfig"; sourceTree = "<group>"; };
		2C7560B49A74E8FDBD9EBCC6 /* Pods-DropIn.debug.xcconfig */ = {isa = PBXFileReference; includeInIndex = 1; lastKnownFileType = text.xcconfig; name = "Pods-DropIn.debug.xcconfig"; path = "Pods/Target Support Files/Pods-DropIn/Pods-DropIn.debug.xcconfig"; sourceTree = "<group>"; };
		4E70832306F35F7D8C063ED5 /* Pods_DropInUITests.framework */ = {isa = PBXFileReference; explicitFileType = wrapper.framework; includeInIndex = 0; path = Pods_DropInUITests.framework; sourceTree = BUILT_PRODUCTS_DIR; };
		7BBF68EC4887BCD2F87013C3 /* Pods_DropIn.framework */ = {isa = PBXFileReference; explicitFileType = wrapper.framework; includeInIndex = 0; path = Pods_DropIn.framework; sourceTree = BUILT_PRODUCTS_DIR; };
		B10662D7060B79C3529F1AE8 /* Pods-DropInTests.release.xcconfig */ = {isa = PBXFileReference; includeInIndex = 1; lastKnownFileType = text.xcconfig; name = "Pods-DropInTests.release.xcconfig"; path = "Pods/Target Support Files/Pods-DropInTests/Pods-DropInTests.release.xcconfig"; sourceTree = "<group>"; };
		BE20B7D12229E8A200DAF22B /* client_token.php */ = {isa = PBXFileReference; lastKnownFileType = text.script.php; path = client_token.php; sourceTree = "<group>"; };
		BE2BCB7920B759E1001F7A06 /* DropIn.app */ = {isa = PBXFileReference; explicitFileType = wrapper.application; includeInIndex = 0; path = DropIn.app; sourceTree = BUILT_PRODUCTS_DIR; };
		BE2BCB7C20B759E1001F7A06 /* AppDelegate.swift */ = {isa = PBXFileReference; lastKnownFileType = sourcecode.swift; path = AppDelegate.swift; sourceTree = "<group>"; };
		BE2BCB7E20B759E1001F7A06 /* ViewController.swift */ = {isa = PBXFileReference; lastKnownFileType = sourcecode.swift; path = ViewController.swift; sourceTree = "<group>"; };
		BE2BCB8120B759E1001F7A06 /* Base */ = {isa = PBXFileReference; lastKnownFileType = file.storyboard; name = Base; path = Base.lproj/Main.storyboard; sourceTree = "<group>"; };
		BE2BCB8320B759E1001F7A06 /* Assets.xcassets */ = {isa = PBXFileReference; lastKnownFileType = folder.assetcatalog; path = Assets.xcassets; sourceTree = "<group>"; };
		BE2BCB8620B759E1001F7A06 /* Base */ = {isa = PBXFileReference; lastKnownFileType = file.storyboard; name = Base; path = Base.lproj/LaunchScreen.storyboard; sourceTree = "<group>"; };
		BE2BCB8820B759E1001F7A06 /* Info.plist */ = {isa = PBXFileReference; lastKnownFileType = text.plist.xml; path = Info.plist; sourceTree = "<group>"; };
		BE2BCB8D20B759E1001F7A06 /* DropInTests.xctest */ = {isa = PBXFileReference; explicitFileType = wrapper.cfbundle; includeInIndex = 0; path = DropInTests.xctest; sourceTree = BUILT_PRODUCTS_DIR; };
		BE2BCB9120B759E1001F7A06 /* DropInTests.swift */ = {isa = PBXFileReference; lastKnownFileType = sourcecode.swift; path = DropInTests.swift; sourceTree = "<group>"; };
		BE2BCB9320B759E1001F7A06 /* Info.plist */ = {isa = PBXFileReference; lastKnownFileType = text.plist.xml; path = Info.plist; sourceTree = "<group>"; };
		BE2BCB9820B759E1001F7A06 /* DropInUITests.xctest */ = {isa = PBXFileReference; explicitFileType = wrapper.cfbundle; includeInIndex = 0; path = DropInUITests.xctest; sourceTree = BUILT_PRODUCTS_DIR; };
		BE2BCB9C20B759E1001F7A06 /* DropInUITests.swift */ = {isa = PBXFileReference; lastKnownFileType = sourcecode.swift; path = DropInUITests.swift; sourceTree = "<group>"; };
		BE2BCB9E20B759E1001F7A06 /* Info.plist */ = {isa = PBXFileReference; lastKnownFileType = text.plist.xml; path = Info.plist; sourceTree = "<group>"; };
		BE4A45CA20B76BF0005ECB28 /* en */ = {isa = PBXFileReference; lastKnownFileType = text.plist.strings; name = en; path = en.lproj/Main.strings; sourceTree = "<group>"; };
		BEA0FDBF22F0DCF8002F2F72 /* DropIn-Bridging-Header.h */ = {isa = PBXFileReference; lastKnownFileType = sourcecode.c.h; path = "DropIn-Bridging-Header.h"; sourceTree = "<group>"; };
		BEC0DD1121FB784F005629B1 /* pay.php */ = {isa = PBXFileReference; lastKnownFileType = text.script.php; path = pay.php; sourceTree = "<group>"; };
		BECD987B20B7643900B6C19B /* Braintree.framework */ = {isa = PBXFileReference; explicitFileType = wrapper.framework; path = Braintree.framework; sourceTree = BUILT_PRODUCTS_DIR; };
		BECD987D20B7645100B6C19B /* BraintreeDropIn.framework */ = {isa = PBXFileReference; explicitFileType = wrapper.framework; path = BraintreeDropIn.framework; sourceTree = BUILT_PRODUCTS_DIR; };
		CE7263C57951CDADFFC377E2 /* Pods-DropInUITests.debug.xcconfig */ = {isa = PBXFileReference; includeInIndex = 1; lastKnownFileType = text.xcconfig; name = "Pods-DropInUITests.debug.xcconfig"; path = "Pods/Target Support Files/Pods-DropInUITests/Pods-DropInUITests.debug.xcconfig"; sourceTree = "<group>"; };
		D2E07CBD6727B010861E3745 /* Pods-DropIn.release.xcconfig */ = {isa = PBXFileReference; includeInIndex = 1; lastKnownFileType = text.xcconfig; name = "Pods-DropIn.release.xcconfig"; path = "Pods/Target Support Files/Pods-DropIn/Pods-DropIn.release.xcconfig"; sourceTree = "<group>"; };
		D82972FCA7567C9DD790A77F /* Pods-DropInTests.debug.xcconfig */ = {isa = PBXFileReference; includeInIndex = 1; lastKnownFileType = text.xcconfig; name = "Pods-DropInTests.debug.xcconfig"; path = "Pods/Target Support Files/Pods-DropInTests/Pods-DropInTests.debug.xcconfig"; sourceTree = "<group>"; };
		E2FD535FD1B6AB58956D8035 /* Pods_DropInTests.framework */ = {isa = PBXFileReference; explicitFileType = wrapper.framework; includeInIndex = 0; path = Pods_DropInTests.framework; sourceTree = BUILT_PRODUCTS_DIR; };
/* End PBXFileReference section */

/* Begin PBXFrameworksBuildPhase section */
		BE2BCB7620B759E1001F7A06 /* Frameworks */ = {
			isa = PBXFrameworksBuildPhase;
			buildActionMask = 2147483647;
			files = (
				BECD987C20B7645100B6C19B /* BraintreeDropIn.framework in Frameworks */,
				BECD987A20B7643900B6C19B /* Braintree.framework in Frameworks */,
				C85A0D20506724511BD1704C /* Pods_DropIn.framework in Frameworks */,
			);
			runOnlyForDeploymentPostprocessing = 0;
		};
		BE2BCB8A20B759E1001F7A06 /* Frameworks */ = {
			isa = PBXFrameworksBuildPhase;
			buildActionMask = 2147483647;
			files = (
				0BA4637BAC756EBB8BFD35F3 /* Pods_DropInTests.framework in Frameworks */,
			);
			runOnlyForDeploymentPostprocessing = 0;
		};
		BE2BCB9520B759E1001F7A06 /* Frameworks */ = {
			isa = PBXFrameworksBuildPhase;
			buildActionMask = 2147483647;
			files = (
				82B2735765C92221B02807D7 /* Pods_DropInUITests.framework in Frameworks */,
			);
			runOnlyForDeploymentPostprocessing = 0;
		};
/* End PBXFrameworksBuildPhase section */

/* Begin PBXGroup section */
		1B0AF79D99B183C3657B66C6 /* Pods */ = {
			isa = PBXGroup;
			children = (
				2C7560B49A74E8FDBD9EBCC6 /* Pods-DropIn.debug.xcconfig */,
				D2E07CBD6727B010861E3745 /* Pods-DropIn.release.xcconfig */,
				D82972FCA7567C9DD790A77F /* Pods-DropInTests.debug.xcconfig */,
				B10662D7060B79C3529F1AE8 /* Pods-DropInTests.release.xcconfig */,
				CE7263C57951CDADFFC377E2 /* Pods-DropInUITests.debug.xcconfig */,
				0AF558A7F4EFAD896E47A627 /* Pods-DropInUITests.release.xcconfig */,
			);
			name = Pods;
			sourceTree = "<group>";
		};
		BE2BCB7020B759E1001F7A06 = {
			isa = PBXGroup;
			children = (
				BE2BCB7B20B759E1001F7A06 /* DropIn */,
				BE2BCB9020B759E1001F7A06 /* DropInTests */,
				BE2BCB9B20B759E1001F7A06 /* DropInUITests */,
				BE2BCB7A20B759E1001F7A06 /* Products */,
				C24E810CCE8F5CA610658CD1 /* Frameworks */,
				1B0AF79D99B183C3657B66C6 /* Pods */,
			);
			sourceTree = "<group>";
		};
		BE2BCB7A20B759E1001F7A06 /* Products */ = {
			isa = PBXGroup;
			children = (
				BE2BCB7920B759E1001F7A06 /* DropIn.app */,
				BE2BCB8D20B759E1001F7A06 /* DropInTests.xctest */,
				BE2BCB9820B759E1001F7A06 /* DropInUITests.xctest */,
			);
			name = Products;
			sourceTree = "<group>";
		};
		BE2BCB7B20B759E1001F7A06 /* DropIn */ = {
			isa = PBXGroup;
			children = (
				BE2BCB7C20B759E1001F7A06 /* AppDelegate.swift */,
				BE2BCB7E20B759E1001F7A06 /* ViewController.swift */,
				BE2BCB8020B759E1001F7A06 /* Main.storyboard */,
				BE2BCB8320B759E1001F7A06 /* Assets.xcassets */,
				BE2BCB8520B759E1001F7A06 /* LaunchScreen.storyboard */,
				BE2BCB8820B759E1001F7A06 /* Info.plist */,
				BEA0FDBF22F0DCF8002F2F72 /* DropIn-Bridging-Header.h */,
				BEC0DD1121FB784F005629B1 /* pay.php */,
				BE20B7D12229E8A200DAF22B /* client_token.php */,
			);
			path = DropIn;
			sourceTree = "<group>";
		};
		BE2BCB9020B759E1001F7A06 /* DropInTests */ = {
			isa = PBXGroup;
			children = (
				BE2BCB9120B759E1001F7A06 /* DropInTests.swift */,
				BE2BCB9320B759E1001F7A06 /* Info.plist */,
			);
			path = DropInTests;
			sourceTree = "<group>";
		};
		BE2BCB9B20B759E1001F7A06 /* DropInUITests */ = {
			isa = PBXGroup;
			children = (
				BE2BCB9C20B759E1001F7A06 /* DropInUITests.swift */,
				BE2BCB9E20B759E1001F7A06 /* Info.plist */,
			);
			path = DropInUITests;
			sourceTree = "<group>";
		};
		C24E810CCE8F5CA610658CD1 /* Frameworks */ = {
			isa = PBXGroup;
			children = (
				BECD987D20B7645100B6C19B /* BraintreeDropIn.framework */,
				BECD987B20B7643900B6C19B /* Braintree.framework */,
				7BBF68EC4887BCD2F87013C3 /* Pods_DropIn.framework */,
				E2FD535FD1B6AB58956D8035 /* Pods_DropInTests.framework */,
				4E70832306F35F7D8C063ED5 /* Pods_DropInUITests.framework */,
			);
			name = Frameworks;
			sourceTree = "<group>";
		};
/* End PBXGroup section */

/* Begin PBXNativeTarget section */
		BE2BCB7820B759E1001F7A06 /* DropIn */ = {
			isa = PBXNativeTarget;
			buildConfigurationList = BE2BCBA120B759E1001F7A06 /* Build configuration list for PBXNativeTarget "DropIn" */;
			buildPhases = (
				85FF66A80F2A179CEBD28FCA /* [CP] Check Pods Manifest.lock */,
				BE2BCB7520B759E1001F7A06 /* Sources */,
				BE2BCB7620B759E1001F7A06 /* Frameworks */,
				BE2BCB7720B759E1001F7A06 /* Resources */,
				DD04E438261E9454C67E1DEB /* [CP] Embed Pods Frameworks */,
			);
			buildRules = (
			);
			dependencies = (
			);
			name = DropIn;
			productName = DropIn;
			productReference = BE2BCB7920B759E1001F7A06 /* DropIn.app */;
			productType = "com.apple.product-type.application";
		};
		BE2BCB8C20B759E1001F7A06 /* DropInTests */ = {
			isa = PBXNativeTarget;
			buildConfigurationList = BE2BCBA420B759E1001F7A06 /* Build configuration list for PBXNativeTarget "DropInTests" */;
			buildPhases = (
				FAE04A8B815C799FEC269999 /* [CP] Check Pods Manifest.lock */,
				BE2BCB8920B759E1001F7A06 /* Sources */,
				BE2BCB8A20B759E1001F7A06 /* Frameworks */,
				BE2BCB8B20B759E1001F7A06 /* Resources */,
			);
			buildRules = (
			);
			dependencies = (
				BE2BCB8F20B759E1001F7A06 /* PBXTargetDependency */,
			);
			name = DropInTests;
			productName = DropInTests;
			productReference = BE2BCB8D20B759E1001F7A06 /* DropInTests.xctest */;
			productType = "com.apple.product-type.bundle.unit-test";
		};
		BE2BCB9720B759E1001F7A06 /* DropInUITests */ = {
			isa = PBXNativeTarget;
			buildConfigurationList = BE2BCBA720B759E1001F7A06 /* Build configuration list for PBXNativeTarget "DropInUITests" */;
			buildPhases = (
				E6F3E59EDF56C94DC83DF2F0 /* [CP] Check Pods Manifest.lock */,
				BE2BCB9420B759E1001F7A06 /* Sources */,
				BE2BCB9520B759E1001F7A06 /* Frameworks */,
				BE2BCB9620B759E1001F7A06 /* Resources */,
			);
			buildRules = (
			);
			dependencies = (
				BE2BCB9A20B759E1001F7A06 /* PBXTargetDependency */,
			);
			name = DropInUITests;
			productName = DropInUITests;
			productReference = BE2BCB9820B759E1001F7A06 /* DropInUITests.xctest */;
			productType = "com.apple.product-type.bundle.ui-testing";
		};
/* End PBXNativeTarget section */

/* Begin PBXProject section */
		BE2BCB7120B759E1001F7A06 /* Project object */ = {
			isa = PBXProject;
			attributes = {
				LastSwiftUpdateCheck = 0920;
				LastUpgradeCheck = 1030;
				ORGANIZATIONNAME = "Desmarais, Jacque";
				TargetAttributes = {
					BE2BCB7820B759E1001F7A06 = {
						CreatedOnToolsVersion = 9.2;
						ProvisioningStyle = Automatic;
					};
					BE2BCB8C20B759E1001F7A06 = {
						CreatedOnToolsVersion = 9.2;
						ProvisioningStyle = Automatic;
						TestTargetID = BE2BCB7820B759E1001F7A06;
					};
					BE2BCB9720B759E1001F7A06 = {
						CreatedOnToolsVersion = 9.2;
						ProvisioningStyle = Automatic;
						TestTargetID = BE2BCB7820B759E1001F7A06;
					};
				};
			};
			buildConfigurationList = BE2BCB7420B759E1001F7A06 /* Build configuration list for PBXProject "DropIn" */;
			compatibilityVersion = "Xcode 8.0";
			developmentRegion = en;
			hasScannedForEncodings = 0;
			knownRegions = (
				en,
				Base,
			);
			mainGroup = BE2BCB7020B759E1001F7A06;
			productRefGroup = BE2BCB7A20B759E1001F7A06 /* Products */;
			projectDirPath = "";
			projectRoot = "";
			targets = (
				BE2BCB7820B759E1001F7A06 /* DropIn */,
				BE2BCB8C20B759E1001F7A06 /* DropInTests */,
				BE2BCB9720B759E1001F7A06 /* DropInUITests */,
			);
		};
/* End PBXProject section */

/* Begin PBXResourcesBuildPhase section */
		BE2BCB7720B759E1001F7A06 /* Resources */ = {
			isa = PBXResourcesBuildPhase;
			buildActionMask = 2147483647;
			files = (
				BE2BCB8720B759E1001F7A06 /* LaunchScreen.storyboard in Resources */,
				BE20B7D22229E8A200DAF22B /* client_token.php in Resources */,
				BE2BCB8420B759E1001F7A06 /* Assets.xcassets in Resources */,
				BEC0DD1221FB784F005629B1 /* pay.php in Resources */,
				BE2BCB8220B759E1001F7A06 /* Main.storyboard in Resources */,
			);
			runOnlyForDeploymentPostprocessing = 0;
		};
		BE2BCB8B20B759E1001F7A06 /* Resources */ = {
			isa = PBXResourcesBuildPhase;
			buildActionMask = 2147483647;
			files = (
			);
			runOnlyForDeploymentPostprocessing = 0;
		};
		BE2BCB9620B759E1001F7A06 /* Resources */ = {
			isa = PBXResourcesBuildPhase;
			buildActionMask = 2147483647;
			files = (
			);
			runOnlyForDeploymentPostprocessing = 0;
		};
/* End PBXResourcesBuildPhase section */

/* Begin PBXShellScriptBuildPhase section */
		85FF66A80F2A179CEBD28FCA /* [CP] Check Pods Manifest.lock */ = {
			isa = PBXShellScriptBuildPhase;
			buildActionMask = 2147483647;
			files = (
			);
			inputPaths = (
				"${PODS_PODFILE_DIR_PATH}/Podfile.lock",
				"${PODS_ROOT}/Manifest.lock",
			);
			name = "[CP] Check Pods Manifest.lock";
			outputPaths = (
				"$(DERIVED_FILE_DIR)/Pods-DropIn-checkManifestLockResult.txt",
			);
			runOnlyForDeploymentPostprocessing = 0;
			shellPath = /bin/sh;
			shellScript = "diff \"${PODS_PODFILE_DIR_PATH}/Podfile.lock\" \"${PODS_ROOT}/Manifest.lock\" > /dev/null\nif [ $? != 0 ] ; then\n    # print error to STDERR\n    echo \"error: The sandbox is not in sync with the Podfile.lock. Run 'pod install' or update your CocoaPods installation.\" >&2\n    exit 1\nfi\n# This output is used by Xcode 'outputs' to avoid re-running this script phase.\necho \"SUCCESS\" > \"${SCRIPT_OUTPUT_FILE_0}\"\n";
			showEnvVarsInLog = 0;
		};
		DD04E438261E9454C67E1DEB /* [CP] Embed Pods Frameworks */ = {
			isa = PBXShellScriptBuildPhase;
			buildActionMask = 2147483647;
			files = (
			);
			inputPaths = (
				"${SRCROOT}/Pods/Target Support Files/Pods-DropIn/Pods-DropIn-frameworks.sh",
				"${PODS_ROOT}/Braintree/Frameworks/CardinalMobile.framework",
				"${BUILT_PRODUCTS_DIR}/Braintree/Braintree.framework",
				"${BUILT_PRODUCTS_DIR}/BraintreeDropIn/BraintreeDropIn.framework",
			);
			name = "[CP] Embed Pods Frameworks";
			outputPaths = (
				"${TARGET_BUILD_DIR}/${FRAMEWORKS_FOLDER_PATH}/CardinalMobile.framework",
				"${TARGET_BUILD_DIR}/${FRAMEWORKS_FOLDER_PATH}/Braintree.framework",
				"${TARGET_BUILD_DIR}/${FRAMEWORKS_FOLDER_PATH}/BraintreeDropIn.framework",
			);
			runOnlyForDeploymentPostprocessing = 0;
			shellPath = /bin/sh;
			shellScript = "\"${SRCROOT}/Pods/Target Support Files/Pods-DropIn/Pods-DropIn-frameworks.sh\"\n";
			showEnvVarsInLog = 0;
		};
		E6F3E59EDF56C94DC83DF2F0 /* [CP] Check Pods Manifest.lock */ = {
			isa = PBXShellScriptBuildPhase;
			buildActionMask = 2147483647;
			files = (
			);
			inputPaths = (
				"${PODS_PODFILE_DIR_PATH}/Podfile.lock",
				"${PODS_ROOT}/Manifest.lock",
			);
			name = "[CP] Check Pods Manifest.lock";
			outputPaths = (
				"$(DERIVED_FILE_DIR)/Pods-DropInUITests-checkManifestLockResult.txt",
			);
			runOnlyForDeploymentPostprocessing = 0;
			shellPath = /bin/sh;
			shellScript = "diff \"${PODS_PODFILE_DIR_PATH}/Podfile.lock\" \"${PODS_ROOT}/Manifest.lock\" > /dev/null\nif [ $? != 0 ] ; then\n    # print error to STDERR\n    echo \"error: The sandbox is not in sync with the Podfile.lock. Run 'pod install' or update your CocoaPods installation.\" >&2\n    exit 1\nfi\n# This output is used by Xcode 'outputs' to avoid re-running this script phase.\necho \"SUCCESS\" > \"${SCRIPT_OUTPUT_FILE_0}\"\n";
			showEnvVarsInLog = 0;
		};
		FAE04A8B815C799FEC269999 /* [CP] Check Pods Manifest.lock */ = {
			isa = PBXShellScriptBuildPhase;
			buildActionMask = 2147483647;
			files = (
			);
			inputPaths = (
				"${PODS_PODFILE_DIR_PATH}/Podfile.lock",
				"${PODS_ROOT}/Manifest.lock",
			);
			name = "[CP] Check Pods Manifest.lock";
			outputPaths = (
				"$(DERIVED_FILE_DIR)/Pods-DropInTests-checkManifestLockResult.txt",
			);
			runOnlyForDeploymentPostprocessing = 0;
			shellPath = /bin/sh;
			shellScript = "diff \"${PODS_PODFILE_DIR_PATH}/Podfile.lock\" \"${PODS_ROOT}/Manifest.lock\" > /dev/null\nif [ $? != 0 ] ; then\n    # print error to STDERR\n    echo \"error: The sandbox is not in sync with the Podfile.lock. Run 'pod install' or update your CocoaPods installation.\" >&2\n    exit 1\nfi\n# This output is used by Xcode 'outputs' to avoid re-running this script phase.\necho \"SUCCESS\" > \"${SCRIPT_OUTPUT_FILE_0}\"\n";
			showEnvVarsInLog = 0;
		};
/* End PBXShellScriptBuildPhase section */

/* Begin PBXSourcesBuildPhase section */
		BE2BCB7520B759E1001F7A06 /* Sources */ = {
			isa = PBXSourcesBuildPhase;
			buildActionMask = 2147483647;
			files = (
				BE2BCB7F20B759E1001F7A06 /* ViewController.swift in Sources */,
				BE2BCB7D20B759E1001F7A06 /* AppDelegate.swift in Sources */,
			);
			runOnlyForDeploymentPostprocessing = 0;
		};
		BE2BCB8920B759E1001F7A06 /* Sources */ = {
			isa = PBXSourcesBuildPhase;
			buildActionMask = 2147483647;
			files = (
				BE2BCB9220B759E1001F7A06 /* DropInTests.swift in Sources */,
			);
			runOnlyForDeploymentPostprocessing = 0;
		};
		BE2BCB9420B759E1001F7A06 /* Sources */ = {
			isa = PBXSourcesBuildPhase;
			buildActionMask = 2147483647;
			files = (
				BE2BCB9D20B759E1001F7A06 /* DropInUITests.swift in Sources */,
			);
			runOnlyForDeploymentPostprocessing = 0;
		};
/* End PBXSourcesBuildPhase section */

/* Begin PBXTargetDependency section */
		BE2BCB8F20B759E1001F7A06 /* PBXTargetDependency */ = {
			isa = PBXTargetDependency;
			target = BE2BCB7820B759E1001F7A06 /* DropIn */;
			targetProxy = BE2BCB8E20B759E1001F7A06 /* PBXContainerItemProxy */;
		};
		BE2BCB9A20B759E1001F7A06 /* PBXTargetDependency */ = {
			isa = PBXTargetDependency;
			target = BE2BCB7820B759E1001F7A06 /* DropIn */;
			targetProxy = BE2BCB9920B759E1001F7A06 /* PBXContainerItemProxy */;
		};
/* End PBXTargetDependency section */

/* Begin PBXVariantGroup section */
		BE2BCB8020B759E1001F7A06 /* Main.storyboard */ = {
			isa = PBXVariantGroup;
			children = (
				BE2BCB8120B759E1001F7A06 /* Base */,
				BE4A45CA20B76BF0005ECB28 /* en */,
			);
			name = Main.storyboard;
			sourceTree = "<group>";
		};
		BE2BCB8520B759E1001F7A06 /* LaunchScreen.storyboard */ = {
			isa = PBXVariantGroup;
			children = (
				BE2BCB8620B759E1001F7A06 /* Base */,
			);
			name = LaunchScreen.storyboard;
			sourceTree = "<group>";
		};
/* End PBXVariantGroup section */

/* Begin XCBuildConfiguration section */
		BE2BCB9F20B759E1001F7A06 /* Debug */ = {
			isa = XCBuildConfiguration;
			buildSettings = {
				ALWAYS_SEARCH_USER_PATHS = NO;
				CLANG_ANALYZER_NONNULL = YES;
				CLANG_ANALYZER_NUMBER_OBJECT_CONVERSION = YES_AGGRESSIVE;
				CLANG_CXX_LANGUAGE_STANDARD = "gnu++14";
				CLANG_CXX_LIBRARY = "libc++";
				CLANG_ENABLE_MODULES = YES;
				CLANG_ENABLE_OBJC_ARC = YES;
				CLANG_WARN_BLOCK_CAPTURE_AUTORELEASING = YES;
				CLANG_WARN_BOOL_CONVERSION = YES;
				CLANG_WARN_COMMA = YES;
				CLANG_WARN_CONSTANT_CONVERSION = YES;
				CLANG_WARN_DEPRECATED_OBJC_IMPLEMENTATIONS = YES;
				CLANG_WARN_DIRECT_OBJC_ISA_USAGE = YES_ERROR;
				CLANG_WARN_DOCUMENTATION_COMMENTS = YES;
				CLANG_WARN_EMPTY_BODY = YES;
				CLANG_WARN_ENUM_CONVERSION = YES;
				CLANG_WARN_INFINITE_RECURSION = YES;
				CLANG_WARN_INT_CONVERSION = YES;
				CLANG_WARN_NON_LITERAL_NULL_CONVERSION = YES;
				CLANG_WARN_OBJC_IMPLICIT_RETAIN_SELF = YES;
				CLANG_WARN_OBJC_LITERAL_CONVERSION = YES;
				CLANG_WARN_OBJC_ROOT_CLASS = YES_ERROR;
				CLANG_WARN_RANGE_LOOP_ANALYSIS = YES;
				CLANG_WARN_STRICT_PROTOTYPES = YES;
				CLANG_WARN_SUSPICIOUS_MOVE = YES;
				CLANG_WARN_UNGUARDED_AVAILABILITY = YES_AGGRESSIVE;
				CLANG_WARN_UNREACHABLE_CODE = YES;
				CLANG_WARN__DUPLICATE_METHOD_MATCH = YES;
				CODE_SIGN_IDENTITY = "iPhone Developer";
				COPY_PHASE_STRIP = NO;
				DEBUG_INFORMATION_FORMAT = dwarf;
				ENABLE_STRICT_OBJC_MSGSEND = YES;
				ENABLE_TESTABILITY = YES;
				GCC_C_LANGUAGE_STANDARD = gnu11;
				GCC_DYNAMIC_NO_PIC = NO;
				GCC_NO_COMMON_BLOCKS = YES;
				GCC_OPTIMIZATION_LEVEL = 0;
				GCC_PREPROCESSOR_DEFINITIONS = (
					"DEBUG=1",
					"$(inherited)",
				);
				GCC_WARN_64_TO_32_BIT_CONVERSION = YES;
				GCC_WARN_ABOUT_RETURN_TYPE = YES_ERROR;
				GCC_WARN_UNDECLARED_SELECTOR = YES;
				GCC_WARN_UNINITIALIZED_AUTOS = YES_AGGRESSIVE;
				GCC_WARN_UNUSED_FUNCTION = YES;
				GCC_WARN_UNUSED_VARIABLE = YES;
				IPHONEOS_DEPLOYMENT_TARGET = 11.2;
				MTL_ENABLE_DEBUG_INFO = YES;
				ONLY_ACTIVE_ARCH = YES;
				SDKROOT = iphoneos;
				SWIFT_ACTIVE_COMPILATION_CONDITIONS = DEBUG;
				SWIFT_OPTIMIZATION_LEVEL = "-Onone";
			};
			name = Debug;
		};
		BE2BCBA020B759E1001F7A06 /* Release */ = {
			isa = XCBuildConfiguration;
			buildSettings = {
				ALWAYS_SEARCH_USER_PATHS = NO;
				CLANG_ANALYZER_NONNULL = YES;
				CLANG_ANALYZER_NUMBER_OBJECT_CONVERSION = YES_AGGRESSIVE;
				CLANG_CXX_LANGUAGE_STANDARD = "gnu++14";
				CLANG_CXX_LIBRARY = "libc++";
				CLANG_ENABLE_MODULES = YES;
				CLANG_ENABLE_OBJC_ARC = YES;
				CLANG_WARN_BLOCK_CAPTURE_AUTORELEASING = YES;
				CLANG_WARN_BOOL_CONVERSION = YES;
				CLANG_WARN_COMMA = YES;
				CLANG_WARN_CONSTANT_CONVERSION = YES;
				CLANG_WARN_DEPRECATED_OBJC_IMPLEMENTATIONS = YES;
				CLANG_WARN_DIRECT_OBJC_ISA_USAGE = YES_ERROR;
				CLANG_WARN_DOCUMENTATION_COMMENTS = YES;
				CLANG_WARN_EMPTY_BODY = YES;
				CLANG_WARN_ENUM_CONVERSION = YES;
				CLANG_WARN_INFINITE_RECURSION = YES;
				CLANG_WARN_INT_CONVERSION = YES;
				CLANG_WARN_NON_LITERAL_NULL_CONVERSION = YES;
				CLANG_WARN_OBJC_IMPLICIT_RETAIN_SELF = YES;
				CLANG_WARN_OBJC_LITERAL_CONVERSION = YES;
				CLANG_WARN_OBJC_ROOT_CLASS = YES_ERROR;
				CLANG_WARN_RANGE_LOOP_ANALYSIS = YES;
				CLANG_WARN_STRICT_PROTOTYPES = YES;
				CLANG_WARN_SUSPICIOUS_MOVE = YES;
				CLANG_WARN_UNGUARDED_AVAILABILITY = YES_AGGRESSIVE;
				CLANG_WARN_UNREACHABLE_CODE = YES;
				CLANG_WARN__DUPLICATE_METHOD_MATCH = YES;
				CODE_SIGN_IDENTITY = "iPhone Developer";
				COPY_PHASE_STRIP = NO;
				DEBUG_INFORMATION_FORMAT = "dwarf-with-dsym";
				ENABLE_NS_ASSERTIONS = NO;
				ENABLE_STRICT_OBJC_MSGSEND = YES;
				GCC_C_LANGUAGE_STANDARD = gnu11;
				GCC_NO_COMMON_BLOCKS = YES;
				GCC_WARN_64_TO_32_BIT_CONVERSION = YES;
				GCC_WARN_ABOUT_RETURN_TYPE = YES_ERROR;
				GCC_WARN_UNDECLARED_SELECTOR = YES;
				GCC_WARN_UNINITIALIZED_AUTOS = YES_AGGRESSIVE;
				GCC_WARN_UNUSED_FUNCTION = YES;
				GCC_WARN_UNUSED_VARIABLE = YES;
				IPHONEOS_DEPLOYMENT_TARGET = 11.2;
				MTL_ENABLE_DEBUG_INFO = NO;
				SDKROOT = iphoneos;
				SWIFT_OPTIMIZATION_LEVEL = "-Owholemodule";
				VALIDATE_PRODUCT = YES;
			};
			name = Release;
		};
		BE2BCBA220B759E1001F7A06 /* Debug */ = {
			isa = XCBuildConfiguration;
			baseConfigurationReference = 2C7560B49A74E8FDBD9EBCC6 /* Pods-DropIn.debug.xcconfig */;
			buildSettings = {
				ASSETCATALOG_COMPILER_APPICON_NAME = AppIcon;
				CODE_SIGN_STYLE = Automatic;
				DEFINES_MODULE = YES;
				"HEADER_SEARCH_PATHS[arch=*]" = (
					"$(inherited)",
					"non-recursive",
				);
				INFOPLIST_FILE = DropIn/Info.plist;
				IPHONEOS_DEPLOYMENT_TARGET = 9.0;
				LD_RUNPATH_SEARCH_PATHS = "$(inherited) @executable_path/Frameworks";
				"LD_RUNPATH_SEARCH_PATHS[arch=*]" = "$(inherited)";
				PRODUCT_BUNDLE_IDENTIFIER = Braintree.DropIn;
				PRODUCT_NAME = "$(TARGET_NAME)";
				SWIFT_OBJC_BRIDGING_HEADER = "$(PROJECT_DIR)/$(PROJECT_NAME)/$(PROJECT_NAME)-Bridging-Header.h";
				SWIFT_SWIFT3_OBJC_INFERENCE = Default;
				SWIFT_VERSION = 4.0;
				TARGETED_DEVICE_FAMILY = "1,2";
				"USER_HEADER_SEARCH_PATHS[arch=*]" = "${PODS_ROOT} recursive";
			};
			name = Debug;
		};
		BE2BCBA320B759E1001F7A06 /* Release */ = {
			isa = XCBuildConfiguration;
			baseConfigurationReference = D2E07CBD6727B010861E3745 /* Pods-DropIn.release.xcconfig */;
			buildSettings = {
				ASSETCATALOG_COMPILER_APPICON_NAME = AppIcon;
				CODE_SIGN_STYLE = Automatic;
				DEFINES_MODULE = YES;
				"HEADER_SEARCH_PATHS[arch=*]" = (
					"$(inherited)",
					"non-recursive",
				);
				INFOPLIST_FILE = DropIn/Info.plist;
				IPHONEOS_DEPLOYMENT_TARGET = 9.0;
				LD_RUNPATH_SEARCH_PATHS = "$(inherited) @executable_path/Frameworks";
				PRODUCT_BUNDLE_IDENTIFIER = Braintree.DropIn;
				PRODUCT_NAME = "$(TARGET_NAME)";
				SWIFT_OBJC_BRIDGING_HEADER = "$(PROJECT_DIR)/$(PROJECT_NAME)/$(PROJECT_NAME)-Bridging-Header.h";
				SWIFT_SWIFT3_OBJC_INFERENCE = Default;
				SWIFT_VERSION = 4.0;
				TARGETED_DEVICE_FAMILY = "1,2";
				"USER_HEADER_SEARCH_PATHS[arch=*]" = "${PODS_ROOT} recursive";
			};
			name = Release;
		};
		BE2BCBA520B759E1001F7A06 /* Debug */ = {
			isa = XCBuildConfiguration;
			baseConfigurationReference = D82972FCA7567C9DD790A77F /* Pods-DropInTests.debug.xcconfig */;
			buildSettings = {
				ALWAYS_EMBED_SWIFT_STANDARD_LIBRARIES = YES;
				BUNDLE_LOADER = "$(TEST_HOST)";
				CODE_SIGN_STYLE = Automatic;
				INFOPLIST_FILE = DropInTests/Info.plist;
				LD_RUNPATH_SEARCH_PATHS = "$(inherited) @executable_path/Frameworks @loader_path/Frameworks";
				PRODUCT_BUNDLE_IDENTIFIER = Braintree.DropInTests;
				PRODUCT_NAME = "$(TARGET_NAME)";
				SWIFT_VERSION = 4.0;
				TARGETED_DEVICE_FAMILY = "1,2";
				TEST_HOST = "$(BUILT_PRODUCTS_DIR)/DropIn.app/DropIn";
			};
			name = Debug;
		};
		BE2BCBA620B759E1001F7A06 /* Release */ = {
			isa = XCBuildConfiguration;
			baseConfigurationReference = B10662D7060B79C3529F1AE8 /* Pods-DropInTests.release.xcconfig */;
			buildSettings = {
				ALWAYS_EMBED_SWIFT_STANDARD_LIBRARIES = YES;
				BUNDLE_LOADER = "$(TEST_HOST)";
				CODE_SIGN_STYLE = Automatic;
				INFOPLIST_FILE = DropInTests/Info.plist;
				LD_RUNPATH_SEARCH_PATHS = "$(inherited) @executable_path/Frameworks @loader_path/Frameworks";
				PRODUCT_BUNDLE_IDENTIFIER = Braintree.DropInTests;
				PRODUCT_NAME = "$(TARGET_NAME)";
				SWIFT_VERSION = 4.0;
				TARGETED_DEVICE_FAMILY = "1,2";
				TEST_HOST = "$(BUILT_PRODUCTS_DIR)/DropIn.app/DropIn";
			};
			name = Release;
		};
		BE2BCBA820B759E1001F7A06 /* Debug */ = {
			isa = XCBuildConfiguration;
			baseConfigurationReference = CE7263C57951CDADFFC377E2 /* Pods-DropInUITests.debug.xcconfig */;
			buildSettings = {
				ALWAYS_EMBED_SWIFT_STANDARD_LIBRARIES = YES;
				CODE_SIGN_STYLE = Automatic;
				INFOPLIST_FILE = DropInUITests/Info.plist;
				LD_RUNPATH_SEARCH_PATHS = "$(inherited) @executable_path/Frameworks @loader_path/Frameworks";
				PRODUCT_BUNDLE_IDENTIFIER = Braintree.DropInUITests;
				PRODUCT_NAME = "$(TARGET_NAME)";
				SWIFT_VERSION = 4.0;
				TARGETED_DEVICE_FAMILY = "1,2";
				TEST_TARGET_NAME = DropIn;
			};
			name = Debug;
		};
		BE2BCBA920B759E1001F7A06 /* Release */ = {
			isa = XCBuildConfiguration;
			baseConfigurationReference = 0AF558A7F4EFAD896E47A627 /* Pods-DropInUITests.release.xcconfig */;
			buildSettings = {
				ALWAYS_EMBED_SWIFT_STANDARD_LIBRARIES = YES;
				CODE_SIGN_STYLE = Automatic;
				INFOPLIST_FILE = DropInUITests/Info.plist;
				LD_RUNPATH_SEARCH_PATHS = "$(inherited) @executable_path/Frameworks @loader_path/Frameworks";
				PRODUCT_BUNDLE_IDENTIFIER = Braintree.DropInUITests;
				PRODUCT_NAME = "$(TARGET_NAME)";
				SWIFT_VERSION = 4.0;
				TARGETED_DEVICE_FAMILY = "1,2";
				TEST_TARGET_NAME = DropIn;
			};
			name = Release;
		};
/* End XCBuildConfiguration section */

/* Begin XCConfigurationList section */
		BE2BCB7420B759E1001F7A06 /* Build configuration list for PBXProject "DropIn" */ = {
			isa = XCConfigurationList;
			buildConfigurations = (
				BE2BCB9F20B759E1001F7A06 /* Debug */,
				BE2BCBA020B759E1001F7A06 /* Release */,
			);
			defaultConfigurationIsVisible = 0;
			defaultConfigurationName = Release;
		};
		BE2BCBA120B759E1001F7A06 /* Build configuration list for PBXNativeTarget "DropIn" */ = {
			isa = XCConfigurationList;
			buildConfigurations = (
				BE2BCBA220B759E1001F7A06 /* Debug */,
				BE2BCBA320B759E1001F7A06 /* Release */,
			);
			defaultConfigurationIsVisible = 0;
			defaultConfigurationName = Release;
		};
		BE2BCBA420B759E1001F7A06 /* Build configuration list for PBXNativeTarget "DropInTests" */ = {
			isa = XCConfigurationList;
			buildConfigurations = (
				BE2BCBA520B759E1001F7A06 /* Debug */,
				BE2BCBA620B759E1001F7A06 /* Release */,
			);
			defaultConfigurationIsVisible = 0;
			defaultConfigurationName = Release;
		};
		BE2BCBA720B759E1001F7A06 /* Build configuration list for PBXNativeTarget "DropInUITests" */ = {
			isa = XCConfigurationList;
			buildConfigurations = (
				BE2BCBA820B759E1001F7A06 /* Debug */,
				BE2BCBA920B759E1001F7A06 /* Release */,
			);
			defaultConfigurationIsVisible = 0;
			defaultConfigurationName = Release;
		};
/* End XCConfigurationList section */
	};
	rootObject = BE2BCB7120B759E1001F7A06 /* Project object */;
}
